# This file is automatically @generated by Cargo.
# It is not intended for manual editing.
version = 4

[[package]]
name = "civic-application"
version = "0.1.0"
dependencies = [
 "civic-model",
 "civic-rules",
]

[[package]]
name = "civic-ffi"
version = "0.1.0"
dependencies = [
 "civic-application",
 "civic-model",
]

[[package]]
name = "civic-headless"
version = "0.1.0"
dependencies = [
 "civic-application",
 "civic-model",
]

[[package]]
name = "civic-model"
version = "0.1.0"

[[package]]
name = "civic-rules"
version = "0.1.0"
dependencies = [
 "civic-model",
]
