# This file is automatically @generated by Cargo.
# It is not intended for manual editing.
version = 4

[[package]]
name = "bitflags"
version = "2.13.1"
source = "registry+https://github.com/rust-lang/crates.io-index"
checksum = "b588b76d00fde79687d7646a9b5bdf3cc0f655e0bbd080335a95d7e96f3587da"

[[package]]
name = "civic-application"
version = "0.1.0"
dependencies = [
 "civic-model",
 "civic-rules",
]

[[package]]
name = "civic-ffi"
version = "0.1.0"
dependencies = [
 "civic-application",
 "civic-model",
 "flatbuffers",
]

[[package]]
name = "civic-headless"
version = "0.1.0"
dependencies = [
 "civic-application",
 "civic-model",
]

[[package]]
name = "civic-model"
version = "0.1.0"

[[package]]
name = "civic-rules"
version = "0.1.0"
dependencies = [
 "civic-model",
]

[[package]]
name = "flatbuffers"
version = "25.12.19"
source = "registry+https://github.com/rust-lang/crates.io-index"
checksum = "35f6839d7b3b98adde531effaf34f0c2badc6f4735d26fe74709d8e513a96ef3"
dependencies = [
 "bitflags",
 "rustc_version",
]

[[package]]
name = "rustc_version"
version = "0.4.1"
source = "registry+https://github.com/rust-lang/crates.io-index"
checksum = "cfcb3a22ef46e85b45de6ee7e79d063319ebb6594faafcf1c225ea92ab6e9b92"
dependencies = [
 "semver",
]

[[package]]
name = "semver"
version = "1.0.28"
source = "registry+https://github.com/rust-lang/crates.io-index"
checksum = "8a7852d02fc848982e0c167ef163aaff9cd91dc640ba85e263cb1ce46fae51cd"
